
Microsoft Visual Studio Solution File, Format Version 12.00
# Visual Studio Version 17
VisualStudioVersion = 17.5.001.0
MinimumVisualStudioVersion = 10.0.40219.1
Project("{9A19103F-16F7-4668-BE54-9A1E7A4F7556}") = "TodoBot", "TodoBot.csproj", "{8B34F683-0999-426F-898F-FE458B23BA39}"
	ProjectSection(ProjectDependencies) = postProject
		{D7750A84-0A14-47B7-92F1-DA55015F203F} = {D7750A84-0A14-47B7-92F1-DA55015F203F}
		{16ADA323-0B0E-4025-8424-0D14AA7A9112} = {16ADA323-0B0E-4025-8424-0D14AA7A9112}
	EndProjectSection
EndProject
Global
	GlobalSection(SolutionConfigurationPlatforms) = preSolution
		Debug|Any CPU = Debug|Any CPU
		Release|Any CPU = Release|Any CPU
	EndGlobalSection
	GlobalSection(ProjectConfigurationPlatforms) = postSolution
		{8B34F683-0999-426F-898F-FE458B23BA39}.Debug|Any CPU.ActiveCfg = Debug|Any CPU
		{8B34F683-0999-426F-898F-FE458B23BA39}.Debug|Any CPU.Build.0 = Debug|Any CPU
		{8B34F683-0999-426F-898F-FE458B23BA39}.Release|Any CPU.ActiveCfg = Release|Any CPU
		{8B34F683-0999-426F-898F-FE458B23BA39}.Release|Any CPU.Build.0 = Release|Any CPU
	EndGlobalSection
	GlobalSection(SolutionProperties) = preSolution
		HideSolutionNode = FALSE
	EndGlobalSection
	GlobalSection(ExtensibilityGlobals) = postSolution
		SolutionGuid = {2A8E9D3E-B889-4D03-911C-0C3797719BEB}
	EndGlobalSection
EndGlobal
